// !$*UTF8*$!
{
	archiveVersion = 1;
	classes = {
	};
	objectVersion = 42;
	objects = {

/* Begin PBXFileReference section */
		29B97316FDCFA39411CA2CEA /* main.m */ = {isa = PBXFileReference; fileEncoding = 30; lastKnownFileType = sourcecode.c.objc; path = main.m; sourceTree = "<group>"; };
		8D1107310486CEB800E47090 /* Info.plist */ = {isa = PBXFileReference; fileEncoding = 4; lastKnownFileType = text.plist; path = Info.plist; sourceTree = "<group>"; };
		D90F56B90C6719EF007AE76B /* ApolloIMApp.m */ = {isa = PBXFileReference; fileEncoding = 30; lastKnownFileType = sourcecode.c.objc; path = ApolloIMApp.m; sourceTree = "<group>"; };
		D90F56BA0C6719EF007AE76B /* ApolloIMApp.h */ = {isa = PBXFileReference; fileEncoding = 30; lastKnownFileType = sourcecode.c.h; path = ApolloIMApp.h; sourceTree = "<group>"; };
		D90F56E20C671CD1007AE76B /* Foundation.framework */ = {isa = PBXFileReference; lastKnownFileType = wrapper.framework; name = Foundation.framework; path = /Developer/SDKs/iPhone.sdk/System/Library/Frameworks/Foundation.framework; sourceTree = "<absolute>"; };
		D90F56E30C671CD1007AE76B /* UIKit.framework */ = {isa = PBXFileReference; lastKnownFileType = wrapper.framework; name = UIKit.framework; path = /Developer/SDKs/iPhone.sdk/System/Library/Frameworks/UIKit.framework; sourceTree = "<absolute>"; };
		D92591D70C6B431100BBDBBC /* Makefile */ = {isa = PBXFileReference; fileEncoding = 30; lastKnownFileType = sourcecode.make; path = Makefile; sourceTree = "<group>"; };
		D9C1849B0C6B467300A7383F /* ApolloIM_Prefix.pch */ = {isa = PBXFileReference; fileEncoding = 30; lastKnownFileType = sourcecode.c.h; path = ApolloIM_Prefix.pch; sourceTree = "<group>"; };
		FA15D9960C7755BA002A6BD2 /* Buddy.h */ = {isa = PBXFileReference; fileEncoding = 4; lastKnownFileType = sourcecode.c.h; path = Buddy.h; sourceTree = "<group>"; };
		FA15D9970C7755BA002A6BD2 /* Buddy.m */ = {isa = PBXFileReference; fileEncoding = 4; lastKnownFileType = sourcecode.c.objc; path = Buddy.m; sourceTree = "<group>"; };
		FA211EF10C73B87D00D6ABA1 /* BuddyView.h */ = {isa = PBXFileReference; fileEncoding = 4; lastKnownFileType = sourcecode.c.h; path = BuddyView.h; sourceTree = "<group>"; };
		FA211EF20C73B87D00D6ABA1 /* BuddyView.m */ = {isa = PBXFileReference; fileEncoding = 4; lastKnownFileType = sourcecode.c.objc; path = BuddyView.m; sourceTree = "<group>"; };
		FA211EF50C73B8A100D6ABA1 /* BuddyInfoView.h */ = {isa = PBXFileReference; fileEncoding = 4; lastKnownFileType = sourcecode.c.h; path = BuddyInfoView.h; sourceTree = "<group>"; };
		FA211EF60C73B8A100D6ABA1 /* BuddyInfoView.m */ = {isa = PBXFileReference; fileEncoding = 4; lastKnownFileType = sourcecode.c.objc; path = BuddyInfoView.m; sourceTree = "<group>"; };
		FA211EFD0C73B8C400D6ABA1 /* AboutView.h */ = {isa = PBXFileReference; fileEncoding = 4; lastKnownFileType = sourcecode.c.h; path = AboutView.h; sourceTree = "<group>"; };
		FA211EFE0C73B8C400D6ABA1 /* AboutView.m */ = {isa = PBXFileReference; fileEncoding = 4; lastKnownFileType = sourcecode.c.objc; path = AboutView.m; sourceTree = "<group>"; };
		FA211F010C73B8DD00D6ABA1 /* AccountsView.h */ = {isa = PBXFileReference; fileEncoding = 4; lastKnownFileType = sourcecode.c.h; path = AccountsView.h; sourceTree = "<group>"; };
		FA211F020C73B8DD00D6ABA1 /* AccountsView.m */ = {isa = PBXFileReference; fileEncoding = 4; lastKnownFileType = sourcecode.c.objc; path = AccountsView.m; sourceTree = "<group>"; };
		FA211F050C73B90100D6ABA1 /* StartView.h */ = {isa = PBXFileReference; fileEncoding = 4; lastKnownFileType = sourcecode.c.h; path = StartView.h; sourceTree = "<group>"; };
		FA211F060C73B90100D6ABA1 /* StartView.m */ = {isa = PBXFileReference; fileEncoding = 4; lastKnownFileType = sourcecode.c.objc; path = StartView.m; sourceTree = "<group>"; };
		FA2125750C73E59200D6ABA1 /* AccountEditorView.h */ = {isa = PBXFileReference; fileEncoding = 4; lastKnownFileType = sourcecode.c.h; path = AccountEditorView.h; sourceTree = "<group>"; };
		FA2125760C73E59200D6ABA1 /* AccountEditorView.m */ = {isa = PBXFileReference; fileEncoding = 4; lastKnownFileType = sourcecode.c.objc; path = AccountEditorView.m; sourceTree = "<group>"; };
		FA2793CF0C8D2A840032E1C0 /* PreferencesView.h */ = {isa = PBXFileReference; fileEncoding = 30; lastKnownFileType = sourcecode.c.h; path = PreferencesView.h; sourceTree = "<group>"; };
		FA2793D00C8D2A840032E1C0 /* PreferencesView.m */ = {isa = PBXFileReference; fileEncoding = 30; lastKnownFileType = sourcecode.c.objc; path = PreferencesView.m; sourceTree = "<group>"; };
		FA5EE80E0C8D089100A0B03F /* PreferenceController.h */ = {isa = PBXFileReference; fileEncoding = 4; lastKnownFileType = sourcecode.c.h; path = PreferenceController.h; sourceTree = "<group>"; };
		FA5EE80F0C8D089100A0B03F /* PreferenceController.m */ = {isa = PBXFileReference; fileEncoding = 4; lastKnownFileType = sourcecode.c.objc; path = PreferenceController.m; sourceTree = "<group>"; };
		FA60D1360C8C7B4100A90DEE /* Acct.h */ = {isa = PBXFileReference; fileEncoding = 30; lastKnownFileType = sourcecode.c.h; path = Acct.h; sourceTree = "<group>"; };
		FA60D1370C8C7B4100A90DEE /* Acct.m */ = {isa = PBXFileReference; fileEncoding = 30; lastKnownFileType = sourcecode.c.objc; path = Acct.m; sourceTree = "<group>"; };
		FA60D2130C8C87E100A90DEE /* ConversationView.h */ = {isa = PBXFileReference; fileEncoding = 30; lastKnownFileType = sourcecode.c.h; path = ConversationView.h; sourceTree = "<group>"; };
		FA60D2140C8C87E100A90DEE /* ConversationView.m */ = {isa = PBXFileReference; fileEncoding = 30; lastKnownFileType = sourcecode.c.objc; path = ConversationView.m; sourceTree = "<group>"; };
		FA60D3080C8C9E4500A90DEE /* ApolloNotificationController.h */ = {isa = PBXFileReference; fileEncoding = 30; lastKnownFileType = sourcecode.c.h; path = ApolloNotificationController.h; sourceTree = "<group>"; };
		FA60D3090C8C9E4500A90DEE /* ApolloNotificationController.m */ = {isa = PBXFileReference; fileEncoding = 30; lastKnownFileType = sourcecode.c.objc; path = ApolloNotificationController.m; sourceTree = "<group>"; };
		FA60D6360C8CC18100A90DEE /* AcctTable.h */ = {isa = PBXFileReference; fileEncoding = 4; lastKnownFileType = sourcecode.c.h; path = AcctTable.h; sourceTree = "<group>"; };
		FA60D6370C8CC18100A90DEE /* AcctTable.m */ = {isa = PBXFileReference; fileEncoding = 4; lastKnownFileType = sourcecode.c.objc; path = AcctTable.m; sourceTree = "<group>"; };
		FA650F960C86789F007EAD2E /* SendBox.h */ = {isa = PBXFileReference; fileEncoding = 4; lastKnownFileType = sourcecode.c.h; path = SendBox.h; sourceTree = "<group>"; };
		FA650F970C86789F007EAD2E /* SendBox.m */ = {isa = PBXFileReference; fileEncoding = 4; lastKnownFileType = sourcecode.c.objc; path = SendBox.m; sourceTree = "<group>"; };
		FA6776E80C7A6E7B00DEC8EF /* Conversation.h */ = {isa = PBXFileReference; fileEncoding = 30; lastKnownFileType = sourcecode.c.h; path = Conversation.h; sourceTree = "<group>"; };
		FA6776E90C7A6E7B00DEC8EF /* Conversation.m */ = {isa = PBXFileReference; fileEncoding = 30; lastKnownFileType = sourcecode.c.objc; path = Conversation.m; sourceTree = "<group>"; };
		FAB97BAF0C75E1F9004956B5 /* ApolloIM-Callbacks.h */ = {isa = PBXFileReference; fileEncoding = 30; lastKnownFileType = sourcecode.c.h; path = "ApolloIM-Callbacks.h"; sourceTree = "<group>"; };
		FAB97BB00C75E1F9004956B5 /* ApolloIM-Callbacks.m */ = {isa = PBXFileReference; fileEncoding = 30; lastKnownFileType = sourcecode.c.objc; path = "ApolloIM-Callbacks.m"; sourceTree = "<group>"; };
		FAB97BB10C75E1F9004956B5 /* ApolloIM-PrivateAccess.h */ = {isa = PBXFileReference; fileEncoding = 30; lastKnownFileType = sourcecode.c.h; path = "ApolloIM-PrivateAccess.h"; sourceTree = "<group>"; };
		FAB97BB20C75E1F9004956B5 /* ApolloCore.h */ = {isa = PBXFileReference; fileEncoding = 30; lastKnownFileType = sourcecode.c.h; path = ApolloCore.h; sourceTree = "<group>"; };
		FAB97BB30C75E1F9004956B5 /* ApolloCore.m */ = {isa = PBXFileReference; fileEncoding = 30; lastKnownFileType = sourcecode.c.objc; path = ApolloCore.m; sourceTree = "<group>"; };
		FADDECA50C74185B002AFA9D /* ShellKeyboard.h */ = {isa = PBXFileReference; fileEncoding = 4; lastKnownFileType = sourcecode.c.h; path = ShellKeyboard.h; sourceTree = "<group>"; };
		FADDECA60C74185B002AFA9D /* ShellKeyboard.m */ = {isa = PBXFileReference; fileEncoding = 4; lastKnownFileType = sourcecode.c.objc; path = ShellKeyboard.m; sourceTree = "<group>"; };
		FAE7F55B0C80DC3D005A2930 /* ConvoBox.h */ = {isa = PBXFileReference; fileEncoding = 30; lastKnownFileType = sourcecode.c.h; path = ConvoBox.h; sourceTree = "<group>"; };
		FAE7F55C0C80DC3D005A2930 /* ConvoBox.m */ = {isa = PBXFileReference; fileEncoding = 30; lastKnownFileType = sourcecode.c.objc; path = ConvoBox.m; sourceTree = "<group>"; };
		FAEEBDA80C90D18800CDCEBC /* account.h */ = {isa = PBXFileReference; fileEncoding = 30; lastKnownFileType = sourcecode.c.h; name = account.h; path = libpurple/account.h; sourceTree = "<group>"; };
		FAEEBDA90C90D18800CDCEBC /* conversation.h */ = {isa = PBXFileReference; fileEncoding = 30; lastKnownFileType = sourcecode.c.h; name = conversation.h; path = libpurple/conversation.h; sourceTree = "<group>"; };
		FAEEBDAA0C90D18800CDCEBC /* core.h */ = {isa = PBXFileReference; fileEncoding = 30; lastKnownFileType = sourcecode.c.h; name = core.h; path = libpurple/core.h; sourceTree = "<group>"; };
		FAEEBDAB0C90D18800CDCEBC /* debug.h */ = {isa = PBXFileReference; fileEncoding = 30; lastKnownFileType = sourcecode.c.h; name = debug.h; path = libpurple/debug.h; sourceTree = "<group>"; };
		FAEEBDAC0C90D18800CDCEBC /* defines.h */ = {isa = PBXFileReference; fileEncoding = 30; lastKnownFileType = sourcecode.c.h; name = defines.h; path = libpurple/defines.h; sourceTree = "<group>"; };
		FAEEBDAD0C90D18800CDCEBC /* eventloop.h */ = {isa = PBXFileReference; fileEncoding = 30; lastKnownFileType = sourcecode.c.h; name = eventloop.h; path = libpurple/eventloop.h; sourceTree = "<group>"; };
		FAEEBDAE0C90D18800CDCEBC /* ft.h */ = {isa = PBXFileReference; fileEncoding = 30; lastKnownFileType = sourcecode.c.h; name = ft.h; path = libpurple/ft.h; sourceTree = "<group>"; };
		FAEEBDAF0C90D18800CDCEBC /* log.h */ = {isa = PBXFileReference; fileEncoding = 30; lastKnownFileType = sourcecode.c.h; name = log.h; path = libpurple/log.h; sourceTree = "<group>"; };
		FAEEBDB00C90D18800CDCEBC /* notify.h */ = {isa = PBXFileReference; fileEncoding = 30; lastKnownFileType = sourcecode.c.h; name = notify.h; path = libpurple/notify.h; sourceTree = "<group>"; };
		FAEEBDB10C90D18800CDCEBC /* pounce.h */ = {isa = PBXFileReference; fileEncoding = 30; lastKnownFileType = sourcecode.c.h; name = pounce.h; path = libpurple/pounce.h; sourceTree = "<group>"; };
		FAEEBDB20C90D18800CDCEBC /* prefs.h */ = {isa = PBXFileReference; fileEncoding = 30; lastKnownFileType = sourcecode.c.h; name = prefs.h; path = libpurple/prefs.h; sourceTree = "<group>"; };
		FAEEBDB30C90D18800CDCEBC /* prpl.h */ = {isa = PBXFileReference; fileEncoding = 30; lastKnownFileType = sourcecode.c.h; name = prpl.h; path = libpurple/prpl.h; sourceTree = "<group>"; };
		FAEEBDB40C90D18800CDCEBC /* savedstatuses.h */ = {isa = PBXFileReference; fileEncoding = 30; lastKnownFileType = sourcecode.c.h; name = savedstatuses.h; path = libpurple/savedstatuses.h; sourceTree = "<group>"; };
		FAEEBDB50C90D18800CDCEBC /* sound.h */ = {isa = PBXFileReference; fileEncoding = 30; lastKnownFileType = sourcecode.c.h; name = sound.h; path = libpurple/sound.h; sourceTree = "<group>"; };
		FAEEBDB60C90D18800CDCEBC /* status.h */ = {isa = PBXFileReference; fileEncoding = 30; lastKnownFileType = sourcecode.c.h; name = status.h; path = libpurple/status.h; sourceTree = "<group>"; };
		FAEEBDB70C90D18800CDCEBC /* util.h */ = {isa = PBXFileReference; fileEncoding = 30; lastKnownFileType = sourcecode.c.h; name = util.h; path = libpurple/util.h; sourceTree = "<group>"; };
		FAEEBDB80C90D18800CDCEBC /* whiteboard.h */ = {isa = PBXFileReference; fileEncoding = 30; lastKnownFileType = sourcecode.c.h; name = whiteboard.h; path = libpurple/whiteboard.h; sourceTree = "<group>"; };
		FAEEBDFC0C90D5A400CDCEBC /* accountopt.h */ = {isa = PBXFileReference; fileEncoding = 30; lastKnownFileType = sourcecode.c.h; name = accountopt.h; path = libpurple/accountopt.h; sourceTree = "<group>"; };
		FAEEBDFD0C90D5A400CDCEBC /* blist.h */ = {isa = PBXFileReference; fileEncoding = 30; lastKnownFileType = sourcecode.c.h; name = blist.h; path = libpurple/blist.h; sourceTree = "<group>"; };
		FAEEBDFE0C90D5A400CDCEBC /* buddyicon.h */ = {isa = PBXFileReference; fileEncoding = 30; lastKnownFileType = sourcecode.c.h; name = buddyicon.h; path = libpurple/buddyicon.h; sourceTree = "<group>"; };
		FAEEBDFF0C90D5A400CDCEBC /* cipher.h */ = {isa = PBXFileReference; fileEncoding = 30; lastKnownFileType = sourcecode.c.h; name = cipher.h; path = libpurple/cipher.h; sourceTree = "<group>"; };
		FAEEBE000C90D5A400CDCEBC /* circbuffer.h */ = {isa = PBXFileReference; fileEncoding = 30; lastKnownFileType = sourcecode.c.h; name = circbuffer.h; path = libpurple/circbuffer.h; sourceTree = "<group>"; };
		FAEEBE010C90D5A400CDCEBC /* cmds.h */ = {isa = PBXFileReference; fileEncoding = 30; lastKnownFileType = sourcecode.c.h; name = cmds.h; path = libpurple/cmds.h; sourceTree = "<group>"; };
		FAEEBE020C90D5A400CDCEBC /* connection.h */ = {isa = PBXFileReference; fileEncoding = 30; lastKnownFileType = sourcecode.c.h; name = connection.h; path = libpurple/connection.h; sourceTree = "<group>"; };
		FAEEBE030C90D5A400CDCEBC /* dbus-bindings.h */ = {isa = PBXFileReference; fileEncoding = 30; lastKnownFileType = sourcecode.c.h; name = "dbus-bindings.h"; path = "libpurple/dbus-bindings.h"; sourceTree = "<group>"; };
		FAEEBE040C90D5A400CDCEBC /* dbus-define-api.h */ = {isa = PBXFileReference; fileEncoding = 30; lastKnownFileType = sourcecode.c.h; name = "dbus-define-api.h"; path = "libpurple/dbus-define-api.h"; sourceTree = "<group>"; };
		FAEEBE050C90D5A400CDCEBC /* dbus-maybe.h */ = {isa = PBXFileReference; fileEncoding = 30; lastKnownFileType = sourcecode.c.h; name = "dbus-maybe.h"; path = "libpurple/dbus-maybe.h"; sourceTree = "<group>"; };
		FAEEBE060C90D5A400CDCEBC /* dbus-purple.h */ = {isa = PBXFileReference; fileEncoding = 30; lastKnownFileType = sourcecode.c.h; name = "dbus-purple.h"; path = "libpurple/dbus-purple.h"; sourceTree = "<group>"; };
		FAEEBE070C90D5A400CDCEBC /* dbus-server.h */ = {isa = PBXFileReference; fileEncoding = 30; lastKnownFileType = sourcecode.c.h; name = "dbus-server.h"; path = "libpurple/dbus-server.h"; sourceTree = "<group>"; };
		FAEEBE080C90D5A400CDCEBC /* dbus-types.h */ = {isa = PBXFileReference; fileEncoding = 30; lastKnownFileType = sourcecode.c.h; name = "dbus-types.h"; path = "libpurple/dbus-types.h"; sourceTree = "<group>"; };
		FAEEBE090C90D5A400CDCEBC /* dbus-useful.h */ = {isa = PBXFileReference; fileEncoding = 30; lastKnownFileType = sourcecode.c.h; name = "dbus-useful.h"; path = "libpurple/dbus-useful.h"; sourceTree = "<group>"; };
		FAEEBE0A0C90D5A400CDCEBC /* desktopitem.h */ = {isa = PBXFileReference; fileEncoding = 30; lastKnownFileType = sourcecode.c.h; name = desktopitem.h; path = libpurple/desktopitem.h; sourceTree = "<group>"; };
		FAEEBE0B0C90D5A400CDCEBC /* dnsquery.h */ = {isa = PBXFileReference; fileEncoding = 30; lastKnownFileType = sourcecode.c.h; name = dnsquery.h; path = libpurple/dnsquery.h; sourceTree = "<group>"; };
		FAEEBE0C0C90D5A400CDCEBC /* dnssrv.h */ = {isa = PBXFileReference; fileEncoding = 30; lastKnownFileType = sourcecode.c.h; name = dnssrv.h; path = libpurple/dnssrv.h; sourceTree = "<group>"; };
		FAEEBE0D0C90D5A400CDCEBC /* gaim-compat.h */ = {isa = PBXFileReference; fileEncoding = 30; lastKnownFileType = sourcecode.c.h; name = "gaim-compat.h"; path = "libpurple/gaim-compat.h"; sourceTree = "<group>"; };
		FAEEBE0F0C90D5A400CDCEBC /* idle.h */ = {isa = PBXFileReference; fileEncoding = 30; lastKnownFileType = sourcecode.c.h; name = idle.h; path = libpurple/idle.h; sourceTree = "<group>"; };
		FAEEBE100C90D5A400CDCEBC /* imgstore.h */ = {isa = PBXFileReference; fileEncoding = 30; lastKnownFileType = sourcecode.c.h; name = imgstore.h; path = libpurple/imgstore.h; sourceTree = "<group>"; };
		FAEEBE110C90D5A400CDCEBC /* internal.h */ = {isa = PBXFileReference; fileEncoding = 30; lastKnownFileType = sourcecode.c.h; name = internal.h; path = libpurple/internal.h; sourceTree = "<group>"; };
		FAEEBE120C90D5A400CDCEBC /* mime.h */ = {isa = PBXFileReference; fileEncoding = 30; lastKnownFileType = sourcecode.c.h; name = mime.h; path = libpurple/mime.h; sourceTree = "<group>"; };
		FAEEBE130C90D5A400CDCEBC /* nat-pmp.h */ = {isa = PBXFileReference; fileEncoding = 30; lastKnownFileType = sourcecode.c.h; name = "nat-pmp.h"; path = "libpurple/nat-pmp.h"; sourceTree = "<group>"; };
		FAEEBE140C90D5A400CDCEBC /* network.h */ = {isa = PBXFileReference; fileEncoding = 30; lastKnownFileType = sourcecode.c.h; name = network.h; path = libpurple/network.h; sourceTree = "<group>"; };
		FAEEBE150C90D5A400CDCEBC /* ntlm.h */ = {isa = PBXFileReference; fileEncoding = 30; lastKnownFileType = sourcecode.c.h; name = ntlm.h; path = libpurple/ntlm.h; sourceTree = "<group>"; };
		FAEEBE160C90D5A400CDCEBC /* plugin.h */ = {isa = PBXFileReference; fileEncoding = 30; lastKnownFileType = sourcecode.c.h; name = plugin.h; path = libpurple/plugin.h; sourceTree = "<group>"; };
		FAEEBE170C90D5A400CDCEBC /* pluginpref.h */ = {isa = PBXFileReference; fileEncoding = 30; lastKnownFileType = sourcecode.c.h; name = pluginpref.h; path = libpurple/pluginpref.h; sourceTree = "<group>"; };
		FAEEBE180C90D5A400CDCEBC /* privacy.h */ = {isa = PBXFileReference; fileEncoding = 30; lastKnownFileType = sourcecode.c.h; name = privacy.h; path = libpurple/privacy.h; sourceTree = "<group>"; };
		FAEEBE190C90D5A400CDCEBC /* proxy.h */ = {isa = PBXFileReference; fileEncoding = 30; lastKnownFileType = sourcecode.c.h; name = proxy.h; path = libpurple/proxy.h; sourceTree = "<group>"; };
		FAEEBE1A0C90D5A400CDCEBC /* purple-client.h */ = {isa = PBXFileReference; fileEncoding = 30; lastKnownFileType = sourcecode.c.h; name = "purple-client.h"; path = "libpurple/purple-client.h"; sourceTree = "<group>"; };
		FAEEBE1B0C90D5A400CDCEBC /* request.h */ = {isa = PBXFileReference; fileEncoding = 30; lastKnownFileType = sourcecode.c.h; name = request.h; path = libpurple/request.h; sourceTree = "<group>"; };
		FAEEBE1C0C90D5A400CDCEBC /* roomlist.h */ = {isa = PBXFileReference; fileEncoding = 30; lastKnownFileType = sourcecode.c.h; name = roomlist.h; path = libpurple/roomlist.h; sourceTree = "<group>"; };
		FAEEBE1D0C90D5A400CDCEBC /* server.h */ = {isa = PBXFileReference; fileEncoding = 30; lastKnownFileType = sourcecode.c.h; name = server.h; path = libpurple/server.h; sourceTree = "<group>"; };
		FAEEBE1E0C90D5A400CDCEBC /* signals.h */ = {isa = PBXFileReference; fileEncoding = 30; lastKnownFileType = sourcecode.c.h; name = signals.h; path = libpurple/signals.h; sourceTree = "<group>"; };
		FAEEBE1F0C90D5A400CDCEBC /* sslconn.h */ = {isa = PBXFileReference; fileEncoding = 30; lastKnownFileType = sourcecode.c.h; name = sslconn.h; path = libpurple/sslconn.h; sourceTree = "<group>"; };
		FAEEBE200C90D5A400CDCEBC /* stringref.h */ = {isa = PBXFileReference; fileEncoding = 30; lastKnownFileType = sourcecode.c.h; name = stringref.h; path = libpurple/stringref.h; sourceTree = "<group>"; };
		FAEEBE210C90D5A400CDCEBC /* stun.h */ = {isa = PBXFileReference; fileEncoding = 30; lastKnownFileType = sourcecode.c.h; name = stun.h; path = libpurple/stun.h; sourceTree = "<group>"; };
		FAEEBE220C90D5A400CDCEBC /* upnp.h */ = {isa = PBXFileReference; fileEncoding = 30; lastKnownFileType = sourcecode.c.h; name = upnp.h; path = libpurple/upnp.h; sourceTree = "<group>"; };
		FAEEBE230C90D5A400CDCEBC /* value.h */ = {isa = PBXFileReference; fileEncoding = 30; lastKnownFileType = sourcecode.c.h; name = value.h; path = libpurple/value.h; sourceTree = "<group>"; };
		FAEEBE240C90D5A400CDCEBC /* version.h */ = {isa = PBXFileReference; fileEncoding = 30; lastKnownFileType = sourcecode.c.h; name = version.h; path = libpurple/version.h; sourceTree = "<group>"; };
		FAEEBE250C90D5A400CDCEBC /* xmlnode.h */ = {isa = PBXFileReference; fileEncoding = 30; lastKnownFileType = sourcecode.c.h; name = xmlnode.h; path = libpurple/xmlnode.h; sourceTree = "<group>"; };
		FAF55A570C89E9D70037FA4F /* AcctCell.h */ = {isa = PBXFileReference; fileEncoding = 4; lastKnownFileType = sourcecode.c.h; path = AcctCell.h; sourceTree = "<group>"; };
		FAF55A580C89E9D70037FA4F /* AcctCell.m */ = {isa = PBXFileReference; fileEncoding = 4; lastKnownFileType = sourcecode.c.objc; path = AcctCell.m; sourceTree = "<group>"; };
/* End PBXFileReference section */

/* Begin PBXGroup section */
		080E96DDFE201D6D7F000001 /* Classes */ = {
			isa = PBXGroup;
			children = (
				FA60D30A0C8C9E4700A90DEE /* Special Controllers */,
				FA211F050C73B90100D6ABA1 /* StartView.h */,
				FA211F060C73B90100D6ABA1 /* StartView.m */,
				FAB983CD0C76932F004956B5 /* AccountViews */,
				FA15D9910C775579002A6BD2 /* BuddyListViews */,
				FAE7F55D0C80DC9B005A2930 /* IM Window */,
				FA15D9920C775591002A6BD2 /* Views Of The Damned */,
			);
			name = Classes;
			sourceTree = "<group>";
		};
		19C28FACFE9D520D11CA2CBB /* Products */ = {
			isa = PBXGroup;
			children = (
			);
			name = Products;
			sourceTree = "<group>";
		};
		29B97314FDCFA39411CA2CEA /* ApolloIM */ = {
			isa = PBXGroup;
			children = (
				FAEEBDA70C90D17A00CDCEBC /* libpurple */,
				FA2121320C73CBF300D6ABA1 /* AIM */,
				D92591D70C6B431100BBDBBC /* Makefile */,
				080E96DDFE201D6D7F000001 /* Classes */,
				29B97315FDCFA39411CA2CEA /* Other Sources */,
				29B97317FDCFA39411CA2CEA /* Resources */,
				29B97323FDCFA39411CA2CEA /* Frameworks */,
				19C28FACFE9D520D11CA2CBB /* Products */,
			);
			name = ApolloIM;
			sourceTree = "<group>";
		};
		29B97315FDCFA39411CA2CEA /* Other Sources */ = {
			isa = PBXGroup;
			children = (
				D9C1849B0C6B467300A7383F /* ApolloIM_Prefix.pch */,
				29B97316FDCFA39411CA2CEA /* main.m */,
			);
			name = "Other Sources";
			sourceTree = "<group>";
		};
		29B97317FDCFA39411CA2CEA /* Resources */ = {
			isa = PBXGroup;
			children = (
				8D1107310486CEB800E47090 /* Info.plist */,
			);
			name = Resources;
			sourceTree = "<group>";
		};
		29B97323FDCFA39411CA2CEA /* Frameworks */ = {
			isa = PBXGroup;
			children = (
				D90F56E20C671CD1007AE76B /* Foundation.framework */,
				D90F56E30C671CD1007AE76B /* UIKit.framework */,
			);
			name = Frameworks;
			sourceTree = "<group>";
		};
		FA15D9910C775579002A6BD2 /* BuddyListViews */ = {
			isa = PBXGroup;
			children = (
				FA211EF10C73B87D00D6ABA1 /* BuddyView.h */,
				FA211EF20C73B87D00D6ABA1 /* BuddyView.m */,
				FA211EF50C73B8A100D6ABA1 /* BuddyInfoView.h */,
				FA211EF60C73B8A100D6ABA1 /* BuddyInfoView.m */,
				FA15D9960C7755BA002A6BD2 /* Buddy.h */,
				FA15D9970C7755BA002A6BD2 /* Buddy.m */,
			);
			name = BuddyListViews;
			sourceTree = "<group>";
		};
		FA15D9920C775591002A6BD2 /* Views Of The Damned */ = {
			isa = PBXGroup;
			children = (
				FA2793CF0C8D2A840032E1C0 /* PreferencesView.h */,
				FA2793D00C8D2A840032E1C0 /* PreferencesView.m */,
				D90F56BA0C6719EF007AE76B /* ApolloIMApp.h */,
				D90F56B90C6719EF007AE76B /* ApolloIMApp.m */,
				FA211EFD0C73B8C400D6ABA1 /* AboutView.h */,
				FA211EFE0C73B8C400D6ABA1 /* AboutView.m */,
			);
			name = "Views Of The Damned";
			sourceTree = "<group>";
		};
		FA2121320C73CBF300D6ABA1 /* AIM */ = {
			isa = PBXGroup;
			children = (
				FAB97BAF0C75E1F9004956B5 /* ApolloIM-Callbacks.h */,
				FAB97BB00C75E1F9004956B5 /* ApolloIM-Callbacks.m */,
				FAB97BB10C75E1F9004956B5 /* ApolloIM-PrivateAccess.h */,
				FAB97BB20C75E1F9004956B5 /* ApolloCore.h */,
				FAB97BB30C75E1F9004956B5 /* ApolloCore.m */,
			);
			name = AIM;
			sourceTree = "<group>";
		};
		FA60D30A0C8C9E4700A90DEE /* Special Controllers */ = {
			isa = PBXGroup;
			children = (
				FA60D3080C8C9E4500A90DEE /* ApolloNotificationController.h */,
				FA60D3090C8C9E4500A90DEE /* ApolloNotificationController.m */,
				FA5EE80E0C8D089100A0B03F /* PreferenceController.h */,
				FA5EE80F0C8D089100A0B03F /* PreferenceController.m */,
			);
			name = "Special Controllers";
			sourceTree = "<group>";
		};
		FAB983CD0C76932F004956B5 /* AccountViews */ = {
			isa = PBXGroup;
			children = (
				FA60D1360C8C7B4100A90DEE /* Acct.h */,
				FA60D1370C8C7B4100A90DEE /* Acct.m */,
				FAF55A570C89E9D70037FA4F /* AcctCell.h */,
				FAF55A580C89E9D70037FA4F /* AcctCell.m */,
				FA211F010C73B8DD00D6ABA1 /* AccountsView.h */,
				FA211F020C73B8DD00D6ABA1 /* AccountsView.m */,
				FA2125750C73E59200D6ABA1 /* AccountEditorView.h */,
				FA2125760C73E59200D6ABA1 /* AccountEditorView.m */,
				FA60D6360C8CC18100A90DEE /* AcctTable.h */,
				FA60D6370C8CC18100A90DEE /* AcctTable.m */,
			);
			name = AccountViews;
			sourceTree = "<group>";
		};
		FAE7F55D0C80DC9B005A2930 /* IM Window */ = {
			isa = PBXGroup;
			children = (
				FADDECA50C74185B002AFA9D /* ShellKeyboard.h */,
				FADDECA60C74185B002AFA9D /* ShellKeyboard.m */,
				FA60D2130C8C87E100A90DEE /* ConversationView.h */,
				FA60D2140C8C87E100A90DEE /* ConversationView.m */,
				FAE7F55B0C80DC3D005A2930 /* ConvoBox.h */,
				FAE7F55C0C80DC3D005A2930 /* ConvoBox.m */,
				FA650F960C86789F007EAD2E /* SendBox.h */,
				FA650F970C86789F007EAD2E /* SendBox.m */,
				FA6776E80C7A6E7B00DEC8EF /* Conversation.h */,
				FA6776E90C7A6E7B00DEC8EF /* Conversation.m */,
			);
			name = "IM Window";
			sourceTree = "<group>";
		};
		FAEEBDA70C90D17A00CDCEBC /* libpurple */ = {
			isa = PBXGroup;
			children = (
				FAEEBDFC0C90D5A400CDCEBC /* accountopt.h */,
				FAEEBDFD0C90D5A400CDCEBC /* blist.h */,
				FAEEBDFE0C90D5A400CDCEBC /* buddyicon.h */,
				FAEEBDFF0C90D5A400CDCEBC /* cipher.h */,
				FAEEBE000C90D5A400CDCEBC /* circbuffer.h */,
				FAEEBE010C90D5A400CDCEBC /* cmds.h */,
				FAEEBE020C90D5A400CDCEBC /* connection.h */,
				FAEEBE030C90D5A400CDCEBC /* dbus-bindings.h */,
				FAEEBE040C90D5A400CDCEBC /* dbus-define-api.h */,
				FAEEBE050C90D5A400CDCEBC /* dbus-maybe.h */,
				FAEEBE060C90D5A400CDCEBC /* dbus-purple.h */,
				FAEEBE070C90D5A400CDCEBC /* dbus-server.h */,
				FAEEBE080C90D5A400CDCEBC /* dbus-types.h */,
				FAEEBE090C90D5A400CDCEBC /* dbus-useful.h */,
				FAEEBE0A0C90D5A400CDCEBC /* desktopitem.h */,
				FAEEBE0B0C90D5A400CDCEBC /* dnsquery.h */,
				FAEEBE0C0C90D5A400CDCEBC /* dnssrv.h */,
				FAEEBE0D0C90D5A400CDCEBC /* gaim-compat.h */,
				FAEEBE0F0C90D5A400CDCEBC /* idle.h */,
				FAEEBE100C90D5A400CDCEBC /* imgstore.h */,
				FAEEBE110C90D5A400CDCEBC /* internal.h */,
				FAEEBE120C90D5A400CDCEBC /* mime.h */,
				FAEEBE130C90D5A400CDCEBC /* nat-pmp.h */,
				FAEEBE140C90D5A400CDCEBC /* network.h */,
				FAEEBE150C90D5A400CDCEBC /* ntlm.h */,
				FAEEBE160C90D5A400CDCEBC /* plugin.h */,
				FAEEBE170C90D5A400CDCEBC /* pluginpref.h */,
				FAEEBE180C90D5A400CDCEBC /* privacy.h */,
				FAEEBE190C90D5A400CDCEBC /* proxy.h */,
				FAEEBE1A0C90D5A400CDCEBC /* purple-client.h */,
				FAEEBE1B0C90D5A400CDCEBC /* request.h */,
				FAEEBE1C0C90D5A400CDCEBC /* roomlist.h */,
				FAEEBE1D0C90D5A400CDCEBC /* server.h */,
				FAEEBE1E0C90D5A400CDCEBC /* signals.h */,
				FAEEBE1F0C90D5A400CDCEBC /* sslconn.h */,
				FAEEBE200C90D5A400CDCEBC /* stringref.h */,
				FAEEBE210C90D5A400CDCEBC /* stun.h */,
				FAEEBE220C90D5A400CDCEBC /* upnp.h */,
				FAEEBE230C90D5A400CDCEBC /* value.h */,
				FAEEBE240C90D5A400CDCEBC /* version.h */,
				FAEEBE250C90D5A400CDCEBC /* xmlnode.h */,
				FAEEBDA80C90D18800CDCEBC /* account.h */,
				FAEEBDA90C90D18800CDCEBC /* conversation.h */,
				FAEEBDAA0C90D18800CDCEBC /* core.h */,
				FAEEBDAB0C90D18800CDCEBC /* debug.h */,
				FAEEBDAC0C90D18800CDCEBC /* defines.h */,
				FAEEBDAD0C90D18800CDCEBC /* eventloop.h */,
				FAEEBDAE0C90D18800CDCEBC /* ft.h */,
				FAEEBDAF0C90D18800CDCEBC /* log.h */,
				FAEEBDB00C90D18800CDCEBC /* notify.h */,
				FAEEBDB10C90D18800CDCEBC /* pounce.h */,
				FAEEBDB20C90D18800CDCEBC /* prefs.h */,
				FAEEBDB30C90D18800CDCEBC /* prpl.h */,
				FAEEBDB40C90D18800CDCEBC /* savedstatuses.h */,
				FAEEBDB50C90D18800CDCEBC /* sound.h */,
				FAEEBDB60C90D18800CDCEBC /* status.h */,
				FAEEBDB70C90D18800CDCEBC /* util.h */,
				FAEEBDB80C90D18800CDCEBC /* whiteboard.h */,
			);
			name = libpurple;
			sourceTree = "<group>";
		};
/* End PBXGroup section */

/* Begin PBXLegacyTarget section */
		D92591D10C6B42C700BBDBBC /* ApolloIM */ = {
			isa = PBXLegacyTarget;
			buildArgumentsString = "$(ACTION)";
			buildConfigurationList = D92591D40C6B42CE00BBDBBC /* Build configuration list for PBXLegacyTarget "ApolloIM" */;
			buildPhases = (
			);
			buildToolPath = /usr/bin/make;
			dependencies = (
			);
			name = ApolloIM;
			passBuildSettingsInEnvironment = 1;
			productName = ApolloIM;
		};
/* End PBXLegacyTarget section */

/* Begin PBXProject section */
		29B97313FDCFA39411CA2CEA /* Project object */ = {
			isa = PBXProject;
			buildConfigurationList = C01FCF4E08A954540054247B /* Build configuration list for PBXProject "ApolloIM" */;
			hasScannedForEncodings = 1;
			mainGroup = 29B97314FDCFA39411CA2CEA /* ApolloIM */;
			projectDirPath = "";
			targets = (
				D92591D10C6B42C700BBDBBC /* ApolloIM */,
			);
		};
/* End PBXProject section */

/* Begin XCBuildConfiguration section */
		C01FCF4F08A954540054247B /* Debug */ = {
			isa = XCBuildConfiguration;
			buildSettings = {
				ARCHS = arm;
				CC = "/usr/local/iphonedev/bin/arm-apple-darwin-cc";
				CXX = "/usr/local/iphonedev/bin/arm-apple-darwin-cc";
				GCC_WARN_ABOUT_RETURN_TYPE = YES;
				GCC_WARN_UNUSED_VARIABLE = YES;
				LD = "/usr/local/iphonedev/bin/arm-apple-darwin-cc";
				PREBINDING = NO;
				SDKROOT = /Developer/SDKs/iPhone.sdk;
				SHARED_PRECOMPS_DIR = "/Library/Caches/com.apple.Xcode.iPhone.$(UID)/SharedPrecompiledHeaders";
			};
			name = Debug;
		};
		C01FCF5008A954540054247B /* Release */ = {
			isa = XCBuildConfiguration;
			buildSettings = {
				ARCHS = arm;
				CC = "/usr/local/iphonedev/bin/arm-apple-darwin-cc";
				CXX = "/usr/local/iphonedev/bin/arm-apple-darwin-cc";
				GCC_WARN_ABOUT_RETURN_TYPE = YES;
				GCC_WARN_UNUSED_VARIABLE = YES;
				LD = "/usr/local/iphonedev/bin/arm-apple-darwin-cc";
				PREBINDING = NO;
				SDKROOT = /Developer/SDKs/iPhone.sdk;
				SHARED_PRECOMPS_DIR = "/Library/Caches/com.apple.Xcode.iPhone.$(UID)/SharedPrecompiledHeaders";
			};
			name = Release;
		};
		D92591D50C6B42CE00BBDBBC /* Debug */ = {
			isa = XCBuildConfiguration;
			buildSettings = {
				COPY_PHASE_STRIP = NO;
				GCC_DYNAMIC_NO_PIC = NO;
				GCC_GENERATE_DEBUGGING_SYMBOLS = YES;
				GCC_OPTIMIZATION_LEVEL = 0;
				PRODUCT_NAME = ApolloIM;
			};
			name = Debug;
		};
		D92591D60C6B42CE00BBDBBC /* Release */ = {
			isa = XCBuildConfiguration;
			buildSettings = {
				COPY_PHASE_STRIP = YES;
				GCC_ENABLE_FIX_AND_CONTINUE = NO;
				GCC_GENERATE_DEBUGGING_SYMBOLS = NO;
				PRODUCT_NAME = ApolloIM;
				ZERO_LINK = NO;
			};
			name = Release;
		};
/* End XCBuildConfiguration section */

/* Begin XCConfigurationList section */
		C01FCF4E08A954540054247B /* Build configuration list for PBXProject "ApolloIM" */ = {
			isa = XCConfigurationList;
			buildConfigurations = (
				C01FCF4F08A954540054247B /* Debug */,
				C01FCF5008A954540054247B /* Release */,
			);
			defaultConfigurationIsVisible = 0;
			defaultConfigurationName = Release;
		};
		D92591D40C6B42CE00BBDBBC /* Build configuration list for PBXLegacyTarget "ApolloIM" */ = {
			isa = XCConfigurationList;
			buildConfigurations = (
				D92591D50C6B42CE00BBDBBC /* Debug */,
				D92591D60C6B42CE00BBDBBC /* Release */,
			);
			defaultConfigurationIsVisible = 0;
			defaultConfigurationName = Release;
		};
/* End XCConfigurationList section */
	};
	rootObject = 29B97313FDCFA39411CA2CEA /* Project object */;
}
